{
  "name": "js_tutorial",
  "lockfileVersion": 2,
  "requires": true,
  "packages": {
    "": {
      "dependencies": {
        "downingkeys-palindrome": "^0.1.0"
      }
    },
    "node_modules/downingkeys-palindrome": {
      "version": "0.1.0",
      "resolved": "https://registry.npmjs.org/downingkeys-palindrome/-/downingkeys-palindrome-0.1.0.tgz",
      "integrity": "sha512-GW+W1cILJ3LlAAJS2Ee2Y17EAfzkzNcaWH/fhL9AyqTIeIFSudqfb1n5eY6AG1l6ybNsfAvJw2Xkn4DxXuOW/w=="
    }
  },
  "dependencies": {
    "downingkeys-palindrome": {
      "version": "0.1.0",
      "resolved": "https://registry.npmjs.org/downingkeys-palindrome/-/downingkeys-palindrome-0.1.0.tgz",
      "integrity": "sha512-GW+W1cILJ3LlAAJS2Ee2Y17EAfzkzNcaWH/fhL9AyqTIeIFSudqfb1n5eY6AG1l6ybNsfAvJw2Xkn4DxXuOW/w=="
    }
  }
}
